// !$*UTF8*$!
{
	archiveVersion = 1;
	classes = {
	};
	objectVersion = 51;
	objects = {

/* Begin PBXBuildFile section */
		200C3E694CED8B3247897B8C /* Pods_MixerTests.framework in Frameworks */ = {isa = PBXBuildFile; fileRef = C9AEBE804D83577A3942DECF /* Pods_MixerTests.framework */; };
		9246C1C9398794FAEAE97FF8 /* Pods_Mixer.framework in Frameworks */ = {isa = PBXBuildFile; fileRef = 7368055A2EE7A90192301FF6 /* Pods_Mixer.framework */; };
		EF100DCC236B386300B0CF6D /* Main.storyboard in Resources */ = {isa = PBXBuildFile; fileRef = EF100DC8236B386300B0CF6D /* Main.storyboard */; };
		EF100DCD236B386300B0CF6D /* LaunchScreen.storyboard in Resources */ = {isa = PBXBuildFile; fileRef = EF100DCA236B386300B0CF6D /* LaunchScreen.storyboard */; };
		EF172C902361E81F00EF632D /* AppDelegate.swift in Sources */ = {isa = PBXBuildFile; fileRef = EF172C8F2361E81F00EF632D /* AppDelegate.swift */; };
		EF172C922361E81F00EF632D /* DashboardViewController.swift in Sources */ = {isa = PBXBuildFile; fileRef = EF172C912361E81F00EF632D /* DashboardViewController.swift */; };
		EF172C972361E81F00EF632D /* Assets.xcassets in Resources */ = {isa = PBXBuildFile; fileRef = EF172C962361E81F00EF632D /* Assets.xcassets */; };
		EF172CA52361E81F00EF632D /* MixerTests.swift in Sources */ = {isa = PBXBuildFile; fileRef = EF172CA42361E81F00EF632D /* MixerTests.swift */; };
		EF172CB02361E85B00EF632D /* AccountViewController.swift in Sources */ = {isa = PBXBuildFile; fileRef = EF172CAF2361E85B00EF632D /* AccountViewController.swift */; };
		EF172CB22361E87B00EF632D /* ReactModuleViewController.swift in Sources */ = {isa = PBXBuildFile; fileRef = EF172CB12361E87B00EF632D /* ReactModuleViewController.swift */; };
		EF172CB42361E89700EF632D /* MixerCell.swift in Sources */ = {isa = PBXBuildFile; fileRef = EF172CB32361E89700EF632D /* MixerCell.swift */; };
		EF172CB62361E8B700EF632D /* Mixer.swift in Sources */ = {isa = PBXBuildFile; fileRef = EF172CB52361E8B700EF632D /* Mixer.swift */; };
		EF172CB82361E8D400EF632D /* ReactModule.swift in Sources */ = {isa = PBXBuildFile; fileRef = EF172CB72361E8D400EF632D /* ReactModule.swift */; };
		EF172CBA2361E8F000EF632D /* ReactViewManager.swift in Sources */ = {isa = PBXBuildFile; fileRef = EF172CB92361E8F000EF632D /* ReactViewManager.swift */; };
		EF172CBC2361E92900EF632D /* ReactViewManagerBridge.m in Sources */ = {isa = PBXBuildFile; fileRef = EF172CBB2361E92900EF632D /* ReactViewManagerBridge.m */; };
		EF9E23AF23685CF500D55A86 /* Mixers.plist in Resources */ = {isa = PBXBuildFile; fileRef = EF9E23AE23685CF500D55A86 /* Mixers.plist */; };
		EF9E24162368A55600D55A86 /* main.jsbundle in Resources */ = {isa = PBXBuildFile; fileRef = EF9E24152368A55600D55A86 /* main.jsbundle */; };
/* End PBXBuildFile section */

/* Begin PBXContainerItemProxy section */
		EF172CA12361E81F00EF632D /* PBXContainerItemProxy */ = {
			isa = PBXContainerItemProxy;
			containerPortal = EF172C842361E81F00EF632D /* Project object */;
			proxyType = 1;
			remoteGlobalIDString = EF172C8B2361E81F00EF632D;
			remoteInfo = Mixer;
		};
/* End PBXContainerItemProxy section */

/* Begin PBXFileReference section */
		19DB1C429CE15C8895DB2CE1 /* Pods-Mixer.debug.xcconfig */ = {isa = PBXFileReference; includeInIndex = 1; lastKnownFileType = text.xcconfig; name = "Pods-Mixer.debug.xcconfig"; path = "Target Support Files/Pods-Mixer/Pods-Mixer.debug.xcconfig"; sourceTree = "<group>"; };
		5DE3A1525E260A4758B72D24 /* Pods-Mixer.release.xcconfig */ = {isa = PBXFileReference; includeInIndex = 1; lastKnownFileType = text.xcconfig; name = "Pods-Mixer.release.xcconfig"; path = "Target Support Files/Pods-Mixer/Pods-Mixer.release.xcconfig"; sourceTree = "<group>"; };
		7368055A2EE7A90192301FF6 /* Pods_Mixer.framework */ = {isa = PBXFileReference; explicitFileType = wrapper.framework; includeInIndex = 0; path = Pods_Mixer.framework; sourceTree = BUILT_PRODUCTS_DIR; };
		7486DCC7F894407C28727F9E /* Pods-MixerTests.debug.xcconfig */ = {isa = PBXFileReference; includeInIndex = 1; lastKnownFileType = text.xcconfig; name = "Pods-MixerTests.debug.xcconfig"; path = "Target Support Files/Pods-MixerTests/Pods-MixerTests.debug.xcconfig"; sourceTree = "<group>"; };
		C9AEBE804D83577A3942DECF /* Pods_MixerTests.framework */ = {isa = PBXFileReference; explicitFileType = wrapper.framework; includeInIndex = 0; path = Pods_MixerTests.framework; sourceTree = BUILT_PRODUCTS_DIR; };
		CFC4406E2B0695887DD686BE /* Pods-MixerTests.release.xcconfig */ = {isa = PBXFileReference; includeInIndex = 1; lastKnownFileType = text.xcconfig; name = "Pods-MixerTests.release.xcconfig"; path = "Target Support Files/Pods-MixerTests/Pods-MixerTests.release.xcconfig"; sourceTree = "<group>"; };
		EF100DC9236B386300B0CF6D /* Base */ = {isa = PBXFileReference; lastKnownFileType = file.storyboard; name = Base; path = Base.lproj/Main.storyboard; sourceTree = "<group>"; };
		EF100DCB236B386300B0CF6D /* Base */ = {isa = PBXFileReference; lastKnownFileType = file.storyboard; name = Base; path = Base.lproj/LaunchScreen.storyboard; sourceTree = "<group>"; };
		EF172C8C2361E81F00EF632D /* RNIntegration.app */ = {isa = PBXFileReference; explicitFileType = wrapper.application; includeInIndex = 0; path = RNIntegration.app; sourceTree = BUILT_PRODUCTS_DIR; };
		EF172C8F2361E81F00EF632D /* AppDelegate.swift */ = {isa = PBXFileReference; lastKnownFileType = sourcecode.swift; path = AppDelegate.swift; sourceTree = "<group>"; };
		EF172C912361E81F00EF632D /* DashboardViewController.swift */ = {isa = PBXFileReference; lastKnownFileType = sourcecode.swift; path = DashboardViewController.swift; sourceTree = "<group>"; };
		EF172C962361E81F00EF632D /* Assets.xcassets */ = {isa = PBXFileReference; lastKnownFileType = folder.assetcatalog; path = Assets.xcassets; sourceTree = "<group>"; };
		EF172C9B2361E81F00EF632D /* Info.plist */ = {isa = PBXFileReference; lastKnownFileType = text.plist.xml; path = Info.plist; sourceTree = "<group>"; };
		EF172CA02361E81F00EF632D /* MixerTests.xctest */ = {isa = PBXFileReference; explicitFileType = wrapper.cfbundle; includeInIndex = 0; path = MixerTests.xctest; sourceTree = BUILT_PRODUCTS_DIR; };
		EF172CA42361E81F00EF632D /* MixerTests.swift */ = {isa = PBXFileReference; lastKnownFileType = sourcecode.swift; path = MixerTests.swift; sourceTree = "<group>"; };
		EF172CA62361E81F00EF632D /* Info.plist */ = {isa = PBXFileReference; lastKnownFileType = text.plist.xml; path = Info.plist; sourceTree = "<group>"; };
		EF172CAF2361E85B00EF632D /* AccountViewController.swift */ = {isa = PBXFileReference; lastKnownFileType = sourcecode.swift; path = AccountViewController.swift; sourceTree = "<group>"; };
		EF172CB12361E87B00EF632D /* ReactModuleViewController.swift */ = {isa = PBXFileReference; lastKnownFileType = sourcecode.swift; path = ReactModuleViewController.swift; sourceTree = "<group>"; };
		EF172CB32361E89700EF632D /* MixerCell.swift */ = {isa = PBXFileReference; lastKnownFileType = sourcecode.swift; path = MixerCell.swift; sourceTree = "<group>"; };
		EF172CB52361E8B700EF632D /* Mixer.swift */ = {isa = PBXFileReference; lastKnownFileType = sourcecode.swift; path = Mixer.swift; sourceTree = "<group>"; };
		EF172CB72361E8D400EF632D /* ReactModule.swift */ = {isa = PBXFileReference; lastKnownFileType = sourcecode.swift; path = ReactModule.swift; sourceTree = "<group>"; };
		EF172CB92361E8F000EF632D /* ReactViewManager.swift */ = {isa = PBXFileReference; lastKnownFileType = sourcecode.swift; path = ReactViewManager.swift; sourceTree = "<group>"; };
		EF172CBB2361E92900EF632D /* ReactViewManagerBridge.m */ = {isa = PBXFileReference; lastKnownFileType = sourcecode.c.objc; path = ReactViewManagerBridge.m; sourceTree = "<group>"; };
		EF9E23AE23685CF500D55A86 /* Mixers.plist */ = {isa = PBXFileReference; lastKnownFileType = text.plist.xml; path = Mixers.plist; sourceTree = "<group>"; };
		EF9E24152368A55600D55A86 /* main.jsbundle */ = {isa = PBXFileReference; fileEncoding = 4; lastKnownFileType = text; name = main.jsbundle; path = ../../RNApp/main.jsbundle; sourceTree = "<group>"; };
/* End PBXFileReference section */

/* Begin PBXFrameworksBuildPhase section */
		EF172C892361E81F00EF632D /* Frameworks */ = {
			isa = PBXFrameworksBuildPhase;
			buildActionMask = 2147483647;
			files = (
				9246C1C9398794FAEAE97FF8 /* Pods_Mixer.framework in Frameworks */,
			);
			runOnlyForDeploymentPostprocessing = 0;
		};
		EF172C9D2361E81F00EF632D /* Frameworks */ = {
			isa = PBXFrameworksBuildPhase;
			buildActionMask = 2147483647;
			files = (
				200C3E694CED8B3247897B8C /* Pods_MixerTests.framework in Frameworks */,
			);
			runOnlyForDeploymentPostprocessing = 0;
		};
/* End PBXFrameworksBuildPhase section */

/* Begin PBXGroup section */
		4679FAFFF79404FF114A96C5 /* Frameworks */ = {
			isa = PBXGroup;
			children = (
				7368055A2EE7A90192301FF6 /* Pods_Mixer.framework */,
				C9AEBE804D83577A3942DECF /* Pods_MixerTests.framework */,
			);
			name = Frameworks;
			sourceTree = "<group>";
		};
		DDC550EDF265D923C47A6EA2 /* Pods */ = {
			isa = PBXGroup;
			children = (
				19DB1C429CE15C8895DB2CE1 /* Pods-Mixer.debug.xcconfig */,
				5DE3A1525E260A4758B72D24 /* Pods-Mixer.release.xcconfig */,
				7486DCC7F894407C28727F9E /* Pods-MixerTests.debug.xcconfig */,
				CFC4406E2B0695887DD686BE /* Pods-MixerTests.release.xcconfig */,
			);
			path = Pods;
			sourceTree = "<group>";
		};
		EF172C832361E81F00EF632D = {
			isa = PBXGroup;
			children = (
				EF172C8E2361E81F00EF632D /* Mixer */,
				EF172CA32361E81F00EF632D /* MixerTests */,
				EF172C8D2361E81F00EF632D /* Products */,
				DDC550EDF265D923C47A6EA2 /* Pods */,
				4679FAFFF79404FF114A96C5 /* Frameworks */,
			);
			sourceTree = "<group>";
		};
		EF172C8D2361E81F00EF632D /* Products */ = {
			isa = PBXGroup;
			children = (
				EF172C8C2361E81F00EF632D /* RNIntegration.app */,
				EF172CA02361E81F00EF632D /* MixerTests.xctest */,
			);
			name = Products;
			sourceTree = "<group>";
		};
		EF172C8E2361E81F00EF632D /* Mixer */ = {
			isa = PBXGroup;
			children = (
				EF100DCA236B386300B0CF6D /* LaunchScreen.storyboard */,
				EF100DC8236B386300B0CF6D /* Main.storyboard */,
				EF9E24152368A55600D55A86 /* main.jsbundle */,
				EF172C8F2361E81F00EF632D /* AppDelegate.swift */,
				EF172C912361E81F00EF632D /* DashboardViewController.swift */,
				EF172C962361E81F00EF632D /* Assets.xcassets */,
				EF172C9B2361E81F00EF632D /* Info.plist */,
				EF172CAF2361E85B00EF632D /* AccountViewController.swift */,
				EF172CB12361E87B00EF632D /* ReactModuleViewController.swift */,
				EF172CB32361E89700EF632D /* MixerCell.swift */,
				EF172CB52361E8B700EF632D /* Mixer.swift */,
				EF172CB72361E8D400EF632D /* ReactModule.swift */,
				EF172CB92361E8F000EF632D /* ReactViewManager.swift */,
				EF172CBB2361E92900EF632D /* ReactViewManagerBridge.m */,
				EF9E23AE23685CF500D55A86 /* Mixers.plist */,
			);
			path = Mixer;
			sourceTree = "<group>";
		};
		EF172CA32361E81F00EF632D /* MixerTests */ = {
			isa = PBXGroup;
			children = (
				EF172CA42361E81F00EF632D /* MixerTests.swift */,
				EF172CA62361E81F00EF632D /* Info.plist */,
			);
			path = MixerTests;
			sourceTree = "<group>";
		};
/* End PBXGroup section */

/* Begin PBXNativeTarget section */
		EF172C8B2361E81F00EF632D /* Mixer */ = {
			isa = PBXNativeTarget;
			buildConfigurationList = EF172CA92361E81F00EF632D /* Build configuration list for PBXNativeTarget "Mixer" */;
			buildPhases = (
				B6352F366748034C967BFEE0 /* [CP] Check Pods Manifest.lock */,
				EF172C882361E81F00EF632D /* Sources */,
				EF172C892361E81F00EF632D /* Frameworks */,
				EF172C8A2361E81F00EF632D /* Resources */,
				70098941A67F0731CFB2BA8F /* [CP] Embed Pods Frameworks */,
			);
			buildRules = (
			);
			dependencies = (
			);
			name = Mixer;
			productName = Mixer;
			productReference = EF172C8C2361E81F00EF632D /* RNIntegration.app */;
			productType = "com.apple.product-type.application";
		};
		EF172C9F2361E81F00EF632D /* MixerTests */ = {
			isa = PBXNativeTarget;
			buildConfigurationList = EF172CAC2361E81F00EF632D /* Build configuration list for PBXNativeTarget "MixerTests" */;
			buildPhases = (
				438871902FAADF6CD8EADB50 /* [CP] Check Pods Manifest.lock */,
				EF172C9C2361E81F00EF632D /* Sources */,
				EF172C9D2361E81F00EF632D /* Frameworks */,
				EF172C9E2361E81F00EF632D /* Resources */,
			);
			buildRules = (
			);
			dependencies = (
				EF172CA22361E81F00EF632D /* PBXTargetDependency */,
			);
			name = MixerTests;
			productName = MixerTests;
			productReference = EF172CA02361E81F00EF632D /* MixerTests.xctest */;
			productType = "com.apple.product-type.bundle.unit-test";
		};
/* End PBXNativeTarget section */

/* Begin PBXProject section */
		EF172C842361E81F00EF632D /* Project object */ = {
			isa = PBXProject;
			attributes = {
				LastSwiftUpdateCheck = 1030;
				LastUpgradeCheck = 1030;
				ORGANIZATIONNAME = 344796;
				TargetAttributes = {
					EF172C8B2361E81F00EF632D = {
						CreatedOnToolsVersion = 10.3;
						LastSwiftMigration = 1030;
					};
					EF172C9F2361E81F00EF632D = {
						CreatedOnToolsVersion = 10.3;
						TestTargetID = EF172C8B2361E81F00EF632D;
					};
				};
			};
			buildConfigurationList = EF172C872361E81F00EF632D /* Build configuration list for PBXProject "Mixer" */;
			compatibilityVersion = "Xcode 9.3";
			developmentRegion = en;
			hasScannedForEncodings = 0;
			knownRegions = (
				en,
				Base,
			);
			mainGroup = EF172C832361E81F00EF632D;
			productRefGroup = EF172C8D2361E81F00EF632D /* Products */;
			projectDirPath = "";
			projectRoot = "";
			targets = (
				EF172C8B2361E81F00EF632D /* Mixer */,
				EF172C9F2361E81F00EF632D /* MixerTests */,
			);
		};
/* End PBXProject section */

/* Begin PBXResourcesBuildPhase section */
		EF172C8A2361E81F00EF632D /* Resources */ = {
			isa = PBXResourcesBuildPhase;
			buildActionMask = 2147483647;
			files = (
				EF172C972361E81F00EF632D /* Assets.xcassets in Resources */,
				EF9E24162368A55600D55A86 /* main.jsbundle in Resources */,
				EF9E23AF23685CF500D55A86 /* Mixers.plist in Resources */,
				EF100DCD236B386300B0CF6D /* LaunchScreen.storyboard in Resources */,
				EF100DCC236B386300B0CF6D /* Main.storyboard in Resources */,
			);
			runOnlyForDeploymentPostprocessing = 0;
		};
		EF172C9E2361E81F00EF632D /* Resources */ = {
			isa = PBXResourcesBuildPhase;
			buildActionMask = 2147483647;
			files = (
			);
			runOnlyForDeploymentPostprocessing = 0;
		};
/* End PBXResourcesBuildPhase section */

/* Begin PBXShellScriptBuildPhase section */
		438871902FAADF6CD8EADB50 /* [CP] Check Pods Manifest.lock */ = {
			isa = PBXShellScriptBuildPhase;
			buildActionMask = 2147483647;
			files = (
			);
			inputFileListPaths = (
			);
			inputPaths = (
				"${PODS_PODFILE_DIR_PATH}/Podfile.lock",
				"${PODS_ROOT}/Manifest.lock",
			);
			name = "[CP] Check Pods Manifest.lock";
			outputFileListPaths = (
			);
			outputPaths = (
				"$(DERIVED_FILE_DIR)/Pods-MixerTests-checkManifestLockResult.txt",
			);
			runOnlyForDeploymentPostprocessing = 0;
			shellPath = /bin/sh;
			shellScript = "diff \"${PODS_PODFILE_DIR_PATH}/Podfile.lock\" \"${PODS_ROOT}/Manifest.lock\" > /dev/null\nif [ $? != 0 ] ; then\n    # print error to STDERR\n    echo \"error: The sandbox is not in sync with the Podfile.lock. Run 'pod install' or update your CocoaPods installation.\" >&2\n    exit 1\nfi\n# This output is used by Xcode 'outputs' to avoid re-running this script phase.\necho \"SUCCESS\" > \"${SCRIPT_OUTPUT_FILE_0}\"\n";
			showEnvVarsInLog = 0;
		};
		70098941A67F0731CFB2BA8F /* [CP] Embed Pods Frameworks */ = {
			isa = PBXShellScriptBuildPhase;
			buildActionMask = 2147483647;
			files = (
			);
			inputFileListPaths = (
				"${PODS_ROOT}/Target Support Files/Pods-Mixer/Pods-Mixer-frameworks-${CONFIGURATION}-input-files.xcfilelist",
			);
			name = "[CP] Embed Pods Frameworks";
			outputFileListPaths = (
				"${PODS_ROOT}/Target Support Files/Pods-Mixer/Pods-Mixer-frameworks-${CONFIGURATION}-output-files.xcfilelist",
			);
			runOnlyForDeploymentPostprocessing = 0;
			shellPath = /bin/sh;
			shellScript = "\"${PODS_ROOT}/Target Support Files/Pods-Mixer/Pods-Mixer-frameworks.sh\"\n";
			showEnvVarsInLog = 0;
		};
		B6352F366748034C967BFEE0 /* [CP] Check Pods Manifest.lock */ = {
			isa = PBXShellScriptBuildPhase;
			buildActionMask = 2147483647;
			files = (
			);
			inputFileListPaths = (
			);
			inputPaths = (
				"${PODS_PODFILE_DIR_PATH}/Podfile.lock",
				"${PODS_ROOT}/Manifest.lock",
			);
			name = "[CP] Check Pods Manifest.lock";
			outputFileListPaths = (
			);
			outputPaths = (
				"$(DERIVED_FILE_DIR)/Pods-Mixer-checkManifestLockResult.txt",
			);
			runOnlyForDeploymentPostprocessing = 0;
			shellPath = /bin/sh;
			shellScript = "diff \"${PODS_PODFILE_DIR_PATH}/Podfile.lock\" \"${PODS_ROOT}/Manifest.lock\" > /dev/null\nif [ $? != 0 ] ; then\n    # print error to STDERR\n    echo \"error: The sandbox is not in sync with the Podfile.lock. Run 'pod install' or update your CocoaPods installation.\" >&2\n    exit 1\nfi\n# This output is used by Xcode 'outputs' to avoid re-running this script phase.\necho \"SUCCESS\" > \"${SCRIPT_OUTPUT_FILE_0}\"\n";
			showEnvVarsInLog = 0;
		};
/* End PBXShellScriptBuildPhase section */

/* Begin PBXSourcesBuildPhase section */
		EF172C882361E81F00EF632D /* Sources */ = {
			isa = PBXSourcesBuildPhase;
			buildActionMask = 2147483647;
			files = (
				EF172C922361E81F00EF632D /* DashboardViewController.swift in Sources */,
				EF172CB22361E87B00EF632D /* ReactModuleViewController.swift in Sources */,
				EF172CBA2361E8F000EF632D /* ReactViewManager.swift in Sources */,
				EF172CB42361E89700EF632D /* MixerCell.swift in Sources */,
				EF172CB62361E8B700EF632D /* Mixer.swift in Sources */,
				EF172CB82361E8D400EF632D /* ReactModule.swift in Sources */,
				EF172C902361E81F00EF632D /* AppDelegate.swift in Sources */,
				EF172CB02361E85B00EF632D /* AccountViewController.swift in Sources */,
				EF172CBC2361E92900EF632D /* ReactViewManagerBridge.m in Sources */,
			);
			runOnlyForDeploymentPostprocessing = 0;
		};
		EF172C9C2361E81F00EF632D /* Sources */ = {
			isa = PBXSourcesBuildPhase;
			buildActionMask = 2147483647;
			files = (
				EF172CA52361E81F00EF632D /* MixerTests.swift in Sources */,
			);
			runOnlyForDeploymentPostprocessing = 0;
		};
/* End PBXSourcesBuildPhase section */

/* Begin PBXTargetDependency section */
		EF172CA22361E81F00EF632D /* PBXTargetDependency */ = {
			isa = PBXTargetDependency;
			target = EF172C8B2361E81F00EF632D /* Mixer */;
			targetProxy = EF172CA12361E81F00EF632D /* PBXContainerItemProxy */;
		};
/* End PBXTargetDependency section */

/* Begin PBXVariantGroup section */
		EF100DC8236B386300B0CF6D /* Main.storyboard */ = {
			isa = PBXVariantGroup;
			children = (
				EF100DC9236B386300B0CF6D /* Base */,
			);
			name = Main.storyboard;
			sourceTree = "<group>";
		};
		EF100DCA236B386300B0CF6D /* LaunchScreen.storyboard */ = {
			isa = PBXVariantGroup;
			children = (
				EF100DCB236B386300B0CF6D /* Base */,
			);
			name = LaunchScreen.storyboard;
			sourceTree = "<group>";
		};
/* End PBXVariantGroup section */

/* Begin XCBuildConfiguration section */
		EF172CA72361E81F00EF632D /* Debug */ = {
			isa = XCBuildConfiguration;
			buildSettings = {
				ALWAYS_SEARCH_USER_PATHS = NO;
				CLANG_ANALYZER_NONNULL = YES;
				CLANG_ANALYZER_NUMBER_OBJECT_CONVERSION = YES_AGGRESSIVE;
				CLANG_CXX_LANGUAGE_STANDARD = "gnu++14";
				CLANG_CXX_LIBRARY = "libc++";
				CLANG_ENABLE_MODULES = YES;
				CLANG_ENABLE_OBJC_ARC = YES;
				CLANG_ENABLE_OBJC_WEAK = YES;
				CLANG_WARN_BLOCK_CAPTURE_AUTORELEASING = YES;
				CLANG_WARN_BOOL_CONVERSION = YES;
				CLANG_WARN_COMMA = YES;
				CLANG_WARN_CONSTANT_CONVERSION = YES;
				CLANG_WARN_DEPRECATED_OBJC_IMPLEMENTATIONS = YES;
				CLANG_WARN_DIRECT_OBJC_ISA_USAGE = YES_ERROR;
				CLANG_WARN_DOCUMENTATION_COMMENTS = YES;
				CLANG_WARN_EMPTY_BODY = YES;
				CLANG_WARN_ENUM_CONVERSION = YES;
				CLANG_WARN_INFINITE_RECURSION = YES;
				CLANG_WARN_INT_CONVERSION = YES;
				CLANG_WARN_NON_LITERAL_NULL_CONVERSION = YES;
				CLANG_WARN_OBJC_IMPLICIT_RETAIN_SELF = YES;
				CLANG_WARN_OBJC_LITERAL_CONVERSION = YES;
				CLANG_WARN_OBJC_ROOT_CLASS = YES_ERROR;
				CLANG_WARN_RANGE_LOOP_ANALYSIS = YES;
				CLANG_WARN_STRICT_PROTOTYPES = YES;
				CLANG_WARN_SUSPICIOUS_MOVE = YES;
				CLANG_WARN_UNGUARDED_AVAILABILITY = YES_AGGRESSIVE;
				CLANG_WARN_UNREACHABLE_CODE = YES;
				CLANG_WARN__DUPLICATE_METHOD_MATCH = YES;
				CODE_SIGN_IDENTITY = "iPhone Developer";
				COPY_PHASE_STRIP = NO;
				DEBUG_INFORMATION_FORMAT = dwarf;
				ENABLE_STRICT_OBJC_MSGSEND = YES;
				ENABLE_TESTABILITY = YES;
				GCC_C_LANGUAGE_STANDARD = gnu11;
				GCC_DYNAMIC_NO_PIC = NO;
				GCC_NO_COMMON_BLOCKS = YES;
				GCC_OPTIMIZATION_LEVEL = 0;
				GCC_PREPROCESSOR_DEFINITIONS = (
					"DEBUG=1",
					"$(inherited)",
				);
				GCC_WARN_64_TO_32_BIT_CONVERSION = YES;
				GCC_WARN_ABOUT_RETURN_TYPE = YES_ERROR;
				GCC_WARN_UNDECLARED_SELECTOR = YES;
				GCC_WARN_UNINITIALIZED_AUTOS = YES_AGGRESSIVE;
				GCC_WARN_UNUSED_FUNCTION = YES;
				GCC_WARN_UNUSED_VARIABLE = YES;
				IPHONEOS_DEPLOYMENT_TARGET = 12.4;
				MTL_ENABLE_DEBUG_INFO = INCLUDE_SOURCE;
				MTL_FAST_MATH = YES;
				ONLY_ACTIVE_ARCH = YES;
				SDKROOT = iphoneos;
				SWIFT_ACTIVE_COMPILATION_CONDITIONS = DEBUG;
				SWIFT_OPTIMIZATION_LEVEL = "-Onone";
			};
			name = Debug;
		};
		EF172CA82361E81F00EF632D /* Release */ = {
			isa = XCBuildConfiguration;
			buildSettings = {
				ALWAYS_SEARCH_USER_PATHS = NO;
				CLANG_ANALYZER_NONNULL = YES;
				CLANG_ANALYZER_NUMBER_OBJECT_CONVERSION = YES_AGGRESSIVE;
				CLANG_CXX_LANGUAGE_STANDARD = "gnu++14";
				CLANG_CXX_LIBRARY = "libc++";
				CLANG_ENABLE_MODULES = YES;
				CLANG_ENABLE_OBJC_ARC = YES;
				CLANG_ENABLE_OBJC_WEAK = YES;
				CLANG_WARN_BLOCK_CAPTURE_AUTORELEASING = YES;
				CLANG_WARN_BOOL_CONVERSION = YES;
				CLANG_WARN_COMMA = YES;
				CLANG_WARN_CONSTANT_CONVERSION = YES;
				CLANG_WARN_DEPRECATED_OBJC_IMPLEMENTATIONS = YES;
				CLANG_WARN_DIRECT_OBJC_ISA_USAGE = YES_ERROR;
				CLANG_WARN_DOCUMENTATION_COMMENTS = YES;
				CLANG_WARN_EMPTY_BODY = YES;
				CLANG_WARN_ENUM_CONVERSION = YES;
				CLANG_WARN_INFINITE_RECURSION = YES;
				CLANG_WARN_INT_CONVERSION = YES;
				CLANG_WARN_NON_LITERAL_NULL_CONVERSION = YES;
				CLANG_WARN_OBJC_IMPLICIT_RETAIN_SELF = YES;
				CLANG_WARN_OBJC_LITERAL_CONVERSION = YES;
				CLANG_WARN_OBJC_ROOT_CLASS = YES_ERROR;
				CLANG_WARN_RANGE_LOOP_ANALYSIS = YES;
				CLANG_WARN_STRICT_PROTOTYPES = YES;
				CLANG_WARN_SUSPICIOUS_MOVE = YES;
				CLANG_WARN_UNGUARDED_AVAILABILITY = YES_AGGRESSIVE;
				CLANG_WARN_UNREACHABLE_CODE = YES;
				CLANG_WARN__DUPLICATE_METHOD_MATCH = YES;
				CODE_SIGN_IDENTITY = "iPhone Developer";
				COPY_PHASE_STRIP = NO;
				DEBUG_INFORMATION_FORMAT = "dwarf-with-dsym";
				ENABLE_NS_ASSERTIONS = NO;
				ENABLE_STRICT_OBJC_MSGSEND = YES;
				GCC_C_LANGUAGE_STANDARD = gnu11;
				GCC_NO_COMMON_BLOCKS = YES;
				GCC_WARN_64_TO_32_BIT_CONVERSION = YES;
				GCC_WARN_ABOUT_RETURN_TYPE = YES_ERROR;
				GCC_WARN_UNDECLARED_SELECTOR = YES;
				GCC_WARN_UNINITIALIZED_AUTOS = YES_AGGRESSIVE;
				GCC_WARN_UNUSED_FUNCTION = YES;
				GCC_WARN_UNUSED_VARIABLE = YES;
				IPHONEOS_DEPLOYMENT_TARGET = 12.4;
				MTL_ENABLE_DEBUG_INFO = NO;
				MTL_FAST_MATH = YES;
				SDKROOT = iphoneos;
				SWIFT_COMPILATION_MODE = wholemodule;
				SWIFT_OPTIMIZATION_LEVEL = "-O";
				VALIDATE_PRODUCT = YES;
			};
			name = Release;
		};
		EF172CAA2361E81F00EF632D /* Debug */ = {
			isa = XCBuildConfiguration;
			baseConfigurationReference = 19DB1C429CE15C8895DB2CE1 /* Pods-Mixer.debug.xcconfig */;
			buildSettings = {
				ASSETCATALOG_COMPILER_APPICON_NAME = AppIcon;
				CLANG_ENABLE_MODULES = YES;
				CODE_SIGN_STYLE = Automatic;
				INFOPLIST_FILE = Mixer/Info.plist;
				LD_RUNPATH_SEARCH_PATHS = (
					"$(inherited)",
					"@executable_path/Frameworks",
				);
				PRODUCT_BUNDLE_IDENTIFIER = com.example.Mixer;
				PRODUCT_NAME = RNIntegration;
				SWIFT_OPTIMIZATION_LEVEL = "-Onone";
				SWIFT_VERSION = 5.0;
				TARGETED_DEVICE_FAMILY = "1,2";
			};
			name = Debug;
		};
		EF172CAB2361E81F00EF632D /* Release */ = {
			isa = XCBuildConfiguration;
			baseConfigurationReference = 5DE3A1525E260A4758B72D24 /* Pods-Mixer.release.xcconfig */;
			buildSettings = {
				ASSETCATALOG_COMPILER_APPICON_NAME = AppIcon;
				CLANG_ENABLE_MODULES = YES;
				CODE_SIGN_STYLE = Automatic;
				INFOPLIST_FILE = Mixer/Info.plist;
				LD_RUNPATH_SEARCH_PATHS = (
					"$(inherited)",
					"@executable_path/Frameworks",
				);
				PRODUCT_BUNDLE_IDENTIFIER = com.example.Mixer;
				PRODUCT_NAME = RNIntegration;
				SWIFT_VERSION = 5.0;
				TARGETED_DEVICE_FAMILY = "1,2";
			};
			name = Release;
		};
		EF172CAD2361E81F00EF632D /* Debug */ = {
			isa = XCBuildConfiguration;
			baseConfigurationReference = 7486DCC7F894407C28727F9E /* Pods-MixerTests.debug.xcconfig */;
			buildSettings = {
				ALWAYS_EMBED_SWIFT_STANDARD_LIBRARIES = YES;
				BUNDLE_LOADER = "$(TEST_HOST)";
				CODE_SIGN_STYLE = Automatic;
				INFOPLIST_FILE = MixerTests/Info.plist;
				LD_RUNPATH_SEARCH_PATHS = (
					"$(inherited)",
					"@executable_path/Frameworks",
					"@loader_path/Frameworks",
				);
				PRODUCT_BUNDLE_IDENTIFIER = com.example.MixerTests;
				PRODUCT_NAME = "$(TARGET_NAME)";
				SWIFT_VERSION = 5.0;
				TARGETED_DEVICE_FAMILY = "1,2";
				TEST_HOST = "$(BUILT_PRODUCTS_DIR)/Mixer.app/Mixer";
			};
			name = Debug;
		};
		EF172CAE2361E81F00EF632D /* Release */ = {
			isa = XCBuildConfiguration;
			baseConfigurationReference = CFC4406E2B0695887DD686BE /* Pods-MixerTests.release.xcconfig */;
			buildSettings = {
				ALWAYS_EMBED_SWIFT_STANDARD_LIBRARIES = YES;
				BUNDLE_LOADER = "$(TEST_HOST)";
				CODE_SIGN_STYLE = Automatic;
				INFOPLIST_FILE = MixerTests/Info.plist;
				LD_RUNPATH_SEARCH_PATHS = (
					"$(inherited)",
					"@executable_path/Frameworks",
					"@loader_path/Frameworks",
				);
				PRODUCT_BUNDLE_IDENTIFIER = com.example.MixerTests;
				PRODUCT_NAME = "$(TARGET_NAME)";
				SWIFT_VERSION = 5.0;
				TARGETED_DEVICE_FAMILY = "1,2";
				TEST_HOST = "$(BUILT_PRODUCTS_DIR)/Mixer.app/Mixer";
			};
			name = Release;
		};
/* End XCBuildConfiguration section */

/* Begin XCConfigurationList section */
		EF172C872361E81F00EF632D /* Build configuration list for PBXProject "Mixer" */ = {
			isa = XCConfigurationList;
			buildConfigurations = (
				EF172CA72361E81F00EF632D /* Debug */,
				EF172CA82361E81F00EF632D /* Release */,
			);
			defaultConfigurationIsVisible = 0;
			defaultConfigurationName = Release;
		};
		EF172CA92361E81F00EF632D /* Build configuration list for PBXNativeTarget "Mixer" */ = {
			isa = XCConfigurationList;
			buildConfigurations = (
				EF172CAA2361E81F00EF632D /* Debug */,
				EF172CAB2361E81F00EF632D /* Release */,
			);
			defaultConfigurationIsVisible = 0;
			defaultConfigurationName = Release;
		};
		EF172CAC2361E81F00EF632D /* Build configuration list for PBXNativeTarget "MixerTests" */ = {
			isa = XCConfigurationList;
			buildConfigurations = (
				EF172CAD2361E81F00EF632D /* Debug */,
				EF172CAE2361E81F00EF632D /* Release */,
			);
			defaultConfigurationIsVisible = 0;
			defaultConfigurationName = Release;
		};
/* End XCConfigurationList section */
	};
	rootObject = EF172C842361E81F00EF632D /* Project object */;
}
